// !$*UTF8*$!
{
	archiveVersion = 1;
	classes = {
	};
	objectVersion = 56;
	objects = {

/* Begin PBXBuildFile section */
		0A594DD629D2C9F900E3E98A /* Recipe_List_App_jibunApp.swift in Sources */ = {isa = PBXBuildFile; fileRef = 0A594DD529D2C9F900E3E98A /* Recipe_List_App_jibunApp.swift */; };
		0A594DD829D2C9F900E3E98A /* RecipeListView.swift in Sources */ = {isa = PBXBuildFile; fileRef = 0A594DD729D2C9F900E3E98A /* RecipeListView.swift */; };
		0A594DDA29D2C9FA00E3E98A /* Assets.xcassets in Resources */ = {isa = PBXBuildFile; fileRef = 0A594DD929D2C9FA00E3E98A /* Assets.xcassets */; };
		0A594DDE29D2C9FA00E3E98A /* Preview Assets.xcassets in Resources */ = {isa = PBXBuildFile; fileRef = 0A594DDD29D2C9FA00E3E98A /* Preview Assets.xcassets */; };
		0A594DEA29D2CD2D00E3E98A /* recipes.json in Resources */ = {isa = PBXBuildFile; fileRef = 0A594DE929D2CD2D00E3E98A /* recipes.json */; };
		0A594DEC29D2CDCC00E3E98A /* Recipe.swift in Sources */ = {isa = PBXBuildFile; fileRef = 0A594DEB29D2CDCC00E3E98A /* Recipe.swift */; };
		0A594DEE29D2D25B00E3E98A /* RecipeModel.swift in Sources */ = {isa = PBXBuildFile; fileRef = 0A594DED29D2D25B00E3E98A /* RecipeModel.swift */; };
		0A6D2A6829D2FD3100177FB8 /* DataService.swift in Sources */ = {isa = PBXBuildFile; fileRef = 0A6D2A6729D2FD3100177FB8 /* DataService.swift */; };
/* End PBXBuildFile section */

/* Begin PBXFileReference section */
		0A594DD229D2C9F900E3E98A /* Recipe List App jibun.app */ = {isa = PBXFileReference; explicitFileType = wrapper.application; includeInIndex = 0; path = "Recipe List App jibun.app"; sourceTree = BUILT_PRODUCTS_DIR; };
		0A594DD529D2C9F900E3E98A /* Recipe_List_App_jibunApp.swift */ = {isa = PBXFileReference; lastKnownFileType = sourcecode.swift; path = Recipe_List_App_jibunApp.swift; sourceTree = "<group>"; };
		0A594DD729D2C9F900E3E98A /* RecipeListView.swift */ = {isa = PBXFileReference; lastKnownFileType = sourcecode.swift; path = RecipeListView.swift; sourceTree = "<group>"; };
		0A594DD929D2C9FA00E3E98A /* Assets.xcassets */ = {isa = PBXFileReference; lastKnownFileType = folder.assetcatalog; path = Assets.xcassets; sourceTree = "<group>"; };
		0A594DDB29D2C9FA00E3E98A /* Recipe_List_App_jibun.entitlements */ = {isa = PBXFileReference; lastKnownFileType = text.plist.entitlements; path = Recipe_List_App_jibun.entitlements; sourceTree = "<group>"; };
		0A594DDD29D2C9FA00E3E98A /* Preview Assets.xcassets */ = {isa = PBXFileReference; lastKnownFileType = folder.assetcatalog; path = "Preview Assets.xcassets"; sourceTree = "<group>"; };
		0A594DE929D2CD2D00E3E98A /* recipes.json */ = {isa = PBXFileReference; fileEncoding = 4; lastKnownFileType = text.json; path = recipes.json; sourceTree = "<group>"; };
		0A594DEB29D2CDCC00E3E98A /* Recipe.swift */ = {isa = PBXFileReference; lastKnownFileType = sourcecode.swift; path = Recipe.swift; sourceTree = "<group>"; };
		0A594DED29D2D25B00E3E98A /* RecipeModel.swift */ = {isa = PBXFileReference; lastKnownFileType = sourcecode.swift; path = RecipeModel.swift; sourceTree = "<group>"; };
		0A6D2A6729D2FD3100177FB8 /* DataService.swift */ = {isa = PBXFileReference; lastKnownFileType = sourcecode.swift; path = DataService.swift; sourceTree = "<group>"; };
/* End PBXFileReference section */

/* Begin PBXFrameworksBuildPhase section */
		0A594DCF29D2C9F900E3E98A /* Frameworks */ = {
			isa = PBXFrameworksBuildPhase;
			buildActionMask = 2147483647;
			files = (
			);
			runOnlyForDeploymentPostprocessing = 0;
		};
/* End PBXFrameworksBuildPhase section */

/* Begin PBXGroup section */
		0A594DC929D2C9F900E3E98A = {
			isa = PBXGroup;
			children = (
				0A594DD429D2C9F900E3E98A /* Recipe List App jibun */,
				0A594DD329D2C9F900E3E98A /* Products */,
			);
			sourceTree = "<group>";
		};
		0A594DD329D2C9F900E3E98A /* Products */ = {
			isa = PBXGroup;
			children = (
				0A594DD229D2C9F900E3E98A /* Recipe List App jibun.app */,
			);
			name = Products;
			sourceTree = "<group>";
		};
		0A594DD429D2C9F900E3E98A /* Recipe List App jibun */ = {
			isa = PBXGroup;
			children = (
				0A594DD529D2C9F900E3E98A /* Recipe_List_App_jibunApp.swift */,
				0A594DE429D2CA7200E3E98A /* Views */,
				0A594DE529D2CAA100E3E98A /* ViewModels */,
				0A594DE629D2CAC600E3E98A /* Models */,
				0A594DE829D2CC2500E3E98A /* Services */,
				0A594DE729D2CADD00E3E98A /* Data */,
				0A594DD929D2C9FA00E3E98A /* Assets.xcassets */,
				0A594DDB29D2C9FA00E3E98A /* Recipe_List_App_jibun.entitlements */,
				0A594DDC29D2C9FA00E3E98A /* Preview Content */,
			);
			path = "Recipe List App jibun";
			sourceTree = "<group>";
		};
		0A594DDC29D2C9FA00E3E98A /* Preview Content */ = {
			isa = PBXGroup;
			children = (
				0A594DDD29D2C9FA00E3E98A /* Preview Assets.xcassets */,
			);
			path = "Preview Content";
			sourceTree = "<group>";
		};
		0A594DE429D2CA7200E3E98A /* Views */ = {
			isa = PBXGroup;
			children = (
				0A594DD729D2C9F900E3E98A /* RecipeListView.swift */,
			);
			path = Views;
			sourceTree = "<group>";
		};
		0A594DE529D2CAA100E3E98A /* ViewModels */ = {
			isa = PBXGroup;
			children = (
				0A594DED29D2D25B00E3E98A /* RecipeModel.swift */,
			);
			path = ViewModels;
			sourceTree = "<group>";
		};
		0A594DE629D2CAC600E3E98A /* Models */ = {
			isa = PBXGroup;
			children = (
				0A594DEB29D2CDCC00E3E98A /* Recipe.swift */,
			);
			path = Models;
			sourceTree = "<group>";
		};
		0A594DE729D2CADD00E3E98A /* Data */ = {
			isa = PBXGroup;
			children = (
				0A594DE929D2CD2D00E3E98A /* recipes.json */,
			);
			path = Data;
			sourceTree = "<group>";
		};
		0A594DE829D2CC2500E3E98A /* Services */ = {
			isa = PBXGroup;
			children = (
				0A6D2A6729D2FD3100177FB8 /* DataService.swift */,
			);
			path = Services;
			sourceTree = "<group>";
		};
/* End PBXGroup section */

/* Begin PBXNativeTarget section */
		0A594DD129D2C9F900E3E98A /* Recipe List App jibun */ = {
			isa = PBXNativeTarget;
			buildConfigurationList = 0A594DE129D2C9FA00E3E98A /* Build configuration list for PBXNativeTarget "Recipe List App jibun" */;
			buildPhases = (
				0A594DCE29D2C9F900E3E98A /* Sources */,
				0A594DCF29D2C9F900E3E98A /* Frameworks */,
				0A594DD029D2C9F900E3E98A /* Resources */,
			);
			buildRules = (
			);
			dependencies = (
			);
			name = "Recipe List App jibun";
			productName = "Recipe List App jibun";
			productReference = 0A594DD229D2C9F900E3E98A /* Recipe List App jibun.app */;
			productType = "com.apple.product-type.application";
		};
/* End PBXNativeTarget section */

/* Begin PBXProject section */
		0A594DCA29D2C9F900E3E98A /* Project object */ = {
			isa = PBXProject;
			attributes = {
				BuildIndependentTargetsInParallel = 1;
				LastSwiftUpdateCheck = 1420;
				LastUpgradeCheck = 1420;
				TargetAttributes = {
					0A594DD129D2C9F900E3E98A = {
						CreatedOnToolsVersion = 14.2;
					};
				};
			};
			buildConfigurationList = 0A594DCD29D2C9F900E3E98A /* Build configuration list for PBXProject "Recipe List App jibun" */;
			compatibilityVersion = "Xcode 14.0";
			developmentRegion = en;
			hasScannedForEncodings = 0;
			knownRegions = (
				en,
				Base,
			);
			mainGroup = 0A594DC929D2C9F900E3E98A;
			productRefGroup = 0A594DD329D2C9F900E3E98A /* Products */;
			projectDirPath = "";
			projectRoot = "";
			targets = (
				0A594DD129D2C9F900E3E98A /* Recipe List App jibun */,
			);
		};
/* End PBXProject section */

/* Begin PBXResourcesBuildPhase section */
		0A594DD029D2C9F900E3E98A /* Resources */ = {
			isa = PBXResourcesBuildPhase;
			buildActionMask = 2147483647;
			files = (
				0A594DDE29D2C9FA00E3E98A /* Preview Assets.xcassets in Resources */,
				0A594DEA29D2CD2D00E3E98A /* recipes.json in Resources */,
				0A594DDA29D2C9FA00E3E98A /* Assets.xcassets in Resources */,
			);
			runOnlyForDeploymentPostprocessing = 0;
		};
/* End PBXResourcesBuildPhase section */

/* Begin PBXSourcesBuildPhase section */
		0A594DCE29D2C9F900E3E98A /* Sources */ = {
			isa = PBXSourcesBuildPhase;
			buildActionMask = 2147483647;
			files = (
				0A594DEC29D2CDCC00E3E98A /* Recipe.swift in Sources */,
				0A594DEE29D2D25B00E3E98A /* RecipeModel.swift in Sources */,
				0A594DD829D2C9F900E3E98A /* RecipeListView.swift in Sources */,
				0A594DD629D2C9F900E3E98A /* Recipe_List_App_jibunApp.swift in Sources */,
				0A6D2A6829D2FD3100177FB8 /* DataService.swift in Sources */,
			);
			runOnlyForDeploymentPostprocessing = 0;
		};
/* End PBXSourcesBuildPhase section */

/* Begin XCBuildConfiguration section */
		0A594DDF29D2C9FA00E3E98A /* Debug */ = {
			isa = XCBuildConfiguration;
			buildSettings = {
				ALWAYS_SEARCH_USER_PATHS = NO;
				CLANG_ANALYZER_NONNULL = YES;
				CLANG_ANALYZER_NUMBER_OBJECT_CONVERSION = YES_AGGRESSIVE;
				CLANG_CXX_LANGUAGE_STANDARD = "gnu++20";
				CLANG_ENABLE_MODULES = YES;
				CLANG_ENABLE_OBJC_ARC = YES;
				CLANG_ENABLE_OBJC_WEAK = YES;
				CLANG_WARN_BLOCK_CAPTURE_AUTORELEASING = YES;
				CLANG_WARN_BOOL_CONVERSION = YES;
				CLANG_WARN_COMMA = YES;
				CLANG_WARN_CONSTANT_CONVERSION = YES;
				CLANG_WARN_DEPRECATED_OBJC_IMPLEMENTATIONS = YES;
				CLANG_WARN_DIRECT_OBJC_ISA_USAGE = YES_ERROR;
				CLANG_WARN_DOCUMENTATION_COMMENTS = YES;
				CLANG_WARN_EMPTY_BODY = YES;
				CLANG_WARN_ENUM_CONVERSION = YES;
				CLANG_WARN_INFINITE_RECURSION = YES;
				CLANG_WARN_INT_CONVERSION = YES;
				CLANG_WARN_NON_LITERAL_NULL_CONVERSION = YES;
				CLANG_WARN_OBJC_IMPLICIT_RETAIN_SELF = YES;
				CLANG_WARN_OBJC_LITERAL_CONVERSION = YES;
				CLANG_WARN_OBJC_ROOT_CLASS = YES_ERROR;
				CLANG_WARN_QUOTED_INCLUDE_IN_FRAMEWORK_HEADER = YES;
				CLANG_WARN_RANGE_LOOP_ANALYSIS = YES;
				CLANG_WARN_STRICT_PROTOTYPES = YES;
				CLANG_WARN_SUSPICIOUS_MOVE = YES;
				CLANG_WARN_UNGUARDED_AVAILABILITY = YES_AGGRESSIVE;
				CLANG_WARN_UNREACHABLE_CODE = YES;
				CLANG_WARN__DUPLICATE_METHOD_MATCH = YES;
				COPY_PHASE_STRIP = NO;
				DEBUG_INFORMATION_FORMAT = dwarf;
				ENABLE_STRICT_OBJC_MSGSEND = YES;
				ENABLE_TESTABILITY = YES;
				GCC_C_LANGUAGE_STANDARD = gnu11;
				GCC_DYNAMIC_NO_PIC = NO;
				GCC_NO_COMMON_BLOCKS = YES;
				GCC_OPTIMIZATION_LEVEL = 0;
				GCC_PREPROCESSOR_DEFINITIONS = (
					"DEBUG=1",
					"$(inherited)",
				);
				GCC_WARN_64_TO_32_BIT_CONVERSION = YES;
				GCC_WARN_ABOUT_RETURN_TYPE = YES_ERROR;
				GCC_WARN_UNDECLARED_SELECTOR = YES;
				GCC_WARN_UNINITIALIZED_AUTOS = YES_AGGRESSIVE;
				GCC_WARN_UNUSED_FUNCTION = YES;
				GCC_WARN_UNUSED_VARIABLE = YES;
				MTL_ENABLE_DEBUG_INFO = INCLUDE_SOURCE;
				MTL_FAST_MATH = YES;
				ONLY_ACTIVE_ARCH = YES;
				SWIFT_ACTIVE_COMPILATION_CONDITIONS = DEBUG;
				SWIFT_OPTIMIZATION_LEVEL = "-Onone";
			};
			name = Debug;
		};
		0A594DE029D2C9FA00E3E98A /* Release */ = {
			isa = XCBuildConfiguration;
			buildSettings = {
				ALWAYS_SEARCH_USER_PATHS = NO;
				CLANG_ANALYZER_NONNULL = YES;
				CLANG_ANALYZER_NUMBER_OBJECT_CONVERSION = YES_AGGRESSIVE;
				CLANG_CXX_LANGUAGE_STANDARD = "gnu++20";
				CLANG_ENABLE_MODULES = YES;
				CLANG_ENABLE_OBJC_ARC = YES;
				CLANG_ENABLE_OBJC_WEAK = YES;
				CLANG_WARN_BLOCK_CAPTURE_AUTORELEASING = YES;
				CLANG_WARN_BOOL_CONVERSION = YES;
				CLANG_WARN_COMMA = YES;
				CLANG_WARN_CONSTANT_CONVERSION = YES;
				CLANG_WARN_DEPRECATED_OBJC_IMPLEMENTATIONS = YES;
				CLANG_WARN_DIRECT_OBJC_ISA_USAGE = YES_ERROR;
				CLANG_WARN_DOCUMENTATION_COMMENTS = YES;
				CLANG_WARN_EMPTY_BODY = YES;
				CLANG_WARN_ENUM_CONVERSION = YES;
				CLANG_WARN_INFINITE_RECURSION = YES;
				CLANG_WARN_INT_CONVERSION = YES;
				CLANG_WARN_NON_LITERAL_NULL_CONVERSION = YES;
				CLANG_WARN_OBJC_IMPLICIT_RETAIN_SELF = YES;
				CLANG_WARN_OBJC_LITERAL_CONVERSION = YES;
				CLANG_WARN_OBJC_ROOT_CLASS = YES_ERROR;
				CLANG_WARN_QUOTED_INCLUDE_IN_FRAMEWORK_HEADER = YES;
				CLANG_WARN_RANGE_LOOP_ANALYSIS = YES;
				CLANG_WARN_STRICT_PROTOTYPES = YES;
				CLANG_WARN_SUSPICIOUS_MOVE = YES;
				CLANG_WARN_UNGUARDED_AVAILABILITY = YES_AGGRESSIVE;
				CLANG_WARN_UNREACHABLE_CODE = YES;
				CLANG_WARN__DUPLICATE_METHOD_MATCH = YES;
				COPY_PHASE_STRIP = NO;
				DEBUG_INFORMATION_FORMAT = "dwarf-with-dsym";
				ENABLE_NS_ASSERTIONS = NO;
				ENABLE_STRICT_OBJC_MSGSEND = YES;
				GCC_C_LANGUAGE_STANDARD = gnu11;
				GCC_NO_COMMON_BLOCKS = YES;
				GCC_WARN_64_TO_32_BIT_CONVERSION = YES;
				GCC_WARN_ABOUT_RETURN_TYPE = YES_ERROR;
				GCC_WARN_UNDECLARED_SELECTOR = YES;
				GCC_WARN_UNINITIALIZED_AUTOS = YES_AGGRESSIVE;
				GCC_WARN_UNUSED_FUNCTION = YES;
				GCC_WARN_UNUSED_VARIABLE = YES;
				MTL_ENABLE_DEBUG_INFO = NO;
				MTL_FAST_MATH = YES;
				SWIFT_COMPILATION_MODE = wholemodule;
				SWIFT_OPTIMIZATION_LEVEL = "-O";
			};
			name = Release;
		};
		0A594DE229D2C9FA00E3E98A /* Debug */ = {
			isa = XCBuildConfiguration;
			buildSettings = {
				ASSETCATALOG_COMPILER_APPICON_NAME = AppIcon;
				ASSETCATALOG_COMPILER_GLOBAL_ACCENT_COLOR_NAME = AccentColor;
				CODE_SIGN_ENTITLEMENTS = "Recipe List App jibun/Recipe_List_App_jibun.entitlements";
				CODE_SIGN_STYLE = Automatic;
				CURRENT_PROJECT_VERSION = 1;
				DEVELOPMENT_ASSET_PATHS = "\"Recipe List App jibun/Preview Content\"";
				ENABLE_PREVIEWS = YES;
				GENERATE_INFOPLIST_FILE = YES;
				"INFOPLIST_KEY_UIApplicationSceneManifest_Generation[sdk=iphoneos*]" = YES;
				"INFOPLIST_KEY_UIApplicationSceneManifest_Generation[sdk=iphonesimulator*]" = YES;
				"INFOPLIST_KEY_UIApplicationSupportsIndirectInputEvents[sdk=iphoneos*]" = YES;
				"INFOPLIST_KEY_UIApplicationSupportsIndirectInputEvents[sdk=iphonesimulator*]" = YES;
				"INFOPLIST_KEY_UILaunchScreen_Generation[sdk=iphoneos*]" = YES;
				"INFOPLIST_KEY_UILaunchScreen_Generation[sdk=iphonesimulator*]" = YES;
				"INFOPLIST_KEY_UIStatusBarStyle[sdk=iphoneos*]" = UIStatusBarStyleDefault;
				"INFOPLIST_KEY_UIStatusBarStyle[sdk=iphonesimulator*]" = UIStatusBarStyleDefault;
				INFOPLIST_KEY_UISupportedInterfaceOrientations_iPad = "UIInterfaceOrientationPortrait UIInterfaceOrientationPortraitUpsideDown UIInterfaceOrientationLandscapeLeft UIInterfaceOrientationLandscapeRight";
				INFOPLIST_KEY_UISupportedInterfaceOrientations_iPhone = "UIInterfaceOrientationPortrait UIInterfaceOrientationLandscapeLeft UIInterfaceOrientationLandscapeRight";
				IPHONEOS_DEPLOYMENT_TARGET = 16.2;
				LD_RUNPATH_SEARCH_PATHS = "@executable_path/Frameworks";
				"LD_RUNPATH_SEARCH_PATHS[sdk=macosx*]" = "@executable_path/../Frameworks";
				MACOSX_DEPLOYMENT_TARGET = 12.5;
				MARKETING_VERSION = 1.0;
				PRODUCT_BUNDLE_IDENTIFIER = "--.Recipe-List-App-jibun";
				PRODUCT_NAME = "$(TARGET_NAME)";
				SDKROOT = auto;
				SUPPORTED_PLATFORMS = "iphoneos iphonesimulator macosx";
				SWIFT_EMIT_LOC_STRINGS = YES;
				SWIFT_VERSION = 5.0;
				TARGETED_DEVICE_FAMILY = "1,2";
			};
			name = Debug;
		};
		0A594DE329D2C9FA00E3E98A /* Release */ = {
			isa = XCBuildConfiguration;
			buildSettings = {
				ASSETCATALOG_COMPILER_APPICON_NAME = AppIcon;
				ASSETCATALOG_COMPILER_GLOBAL_ACCENT_COLOR_NAME = AccentColor;
				CODE_SIGN_ENTITLEMENTS = "Recipe List App jibun/Recipe_List_App_jibun.entitlements";
				CODE_SIGN_STYLE = Automatic;
				CURRENT_PROJECT_VERSION = 1;
				DEVELOPMENT_ASSET_PATHS = "\"Recipe List App jibun/Preview Content\"";
				ENABLE_PREVIEWS = YES;
				GENERATE_INFOPLIST_FILE = YES;
				"INFOPLIST_KEY_UIApplicationSceneManifest_Generation[sdk=iphoneos*]" = YES;
				"INFOPLIST_KEY_UIApplicationSceneManifest_Generation[sdk=iphonesimulator*]" = YES;
				"INFOPLIST_KEY_UIApplicationSupportsIndirectInputEvents[sdk=iphoneos*]" = YES;
				"INFOPLIST_KEY_UIApplicationSupportsIndirectInputEvents[sdk=iphonesimulator*]" = YES;
				"INFOPLIST_KEY_UILaunchScreen_Generation[sdk=iphoneos*]" = YES;
				"INFOPLIST_KEY_UILaunchScreen_Generation[sdk=iphonesimulator*]" = YES;
				"INFOPLIST_KEY_UIStatusBarStyle[sdk=iphoneos*]" = UIStatusBarStyleDefault;
				"INFOPLIST_KEY_UIStatusBarStyle[sdk=iphonesimulator*]" = UIStatusBarStyleDefault;
				INFOPLIST_KEY_UISupportedInterfaceOrientations_iPad = "UIInterfaceOrientationPortrait UIInterfaceOrientationPortraitUpsideDown UIInterfaceOrientationLandscapeLeft UIInterfaceOrientationLandscapeRight";
				INFOPLIST_KEY_UISupportedInterfaceOrientations_iPhone = "UIInterfaceOrientationPortrait UIInterfaceOrientationLandscapeLeft UIInterfaceOrientationLandscapeRight";
				IPHONEOS_DEPLOYMENT_TARGET = 16.2;
				LD_RUNPATH_SEARCH_PATHS = "@executable_path/Frameworks";
				"LD_RUNPATH_SEARCH_PATHS[sdk=macosx*]" = "@executable_path/../Frameworks";
				MACOSX_DEPLOYMENT_TARGET = 12.5;
				MARKETING_VERSION = 1.0;
				PRODUCT_BUNDLE_IDENTIFIER = "--.Recipe-List-App-jibun";
				PRODUCT_NAME = "$(TARGET_NAME)";
				SDKROOT = auto;
				SUPPORTED_PLATFORMS = "iphoneos iphonesimulator macosx";
				SWIFT_EMIT_LOC_STRINGS = YES;
				SWIFT_VERSION = 5.0;
				TARGETED_DEVICE_FAMILY = "1,2";
			};
			name = Release;
		};
/* End XCBuildConfiguration section */

/* Begin XCConfigurationList section */
		0A594DCD29D2C9F900E3E98A /* Build configuration list for PBXProject "Recipe List App jibun" */ = {
			isa = XCConfigurationList;
			buildConfigurations = (
				0A594DDF29D2C9FA00E3E98A /* Debug */,
				0A594DE029D2C9FA00E3E98A /* Release */,
			);
			defaultConfigurationIsVisible = 0;
			defaultConfigurationName = Release;
		};
		0A594DE129D2C9FA00E3E98A /* Build configuration list for PBXNativeTarget "Recipe List App jibun" */ = {
			isa = XCConfigurationList;
			buildConfigurations = (
				0A594DE229D2C9FA00E3E98A /* Debug */,
				0A594DE329D2C9FA00E3E98A /* Release */,
			);
			defaultConfigurationIsVisible = 0;
			defaultConfigurationName = Release;
		};
/* End XCConfigurationList section */
	};
	rootObject = 0A594DCA29D2C9F900E3E98A /* Project object */;
}
